// !$*UTF8*$!
{
	archiveVersion = 1;
	classes = {
	};
	objectVersion = 46;
	objects = {

/* Begin PBXBuildFile section */
		1626A9FF1F070794008F689B /* AppDelegate.swift in Sources */ = {isa = PBXBuildFile; fileRef = 1626A9FE1F070794008F689B /* AppDelegate.swift */; };
		1626AA011F070794008F689B /* ViewController.swift in Sources */ = {isa = PBXBuildFile; fileRef = 1626AA001F070794008F689B /* ViewController.swift */; };
		1626AA041F070794008F689B /* Main.storyboard in Resources */ = {isa = PBXBuildFile; fileRef = 1626AA021F070794008F689B /* Main.storyboard */; };
		1626AA061F070794008F689B /* Assets.xcassets in Resources */ = {isa = PBXBuildFile; fileRef = 1626AA051F070794008F689B /* Assets.xcassets */; };
		1626AA091F070794008F689B /* LaunchScreen.storyboard in Resources */ = {isa = PBXBuildFile; fileRef = 1626AA071F070794008F689B /* LaunchScreen.storyboard */; };
		1626AA141F070794008F689B /* Person_UITests.swift in Sources */ = {isa = PBXBuildFile; fileRef = 1626AA131F070794008F689B /* Person_UITests.swift */; };
		1626AA1F1F070794008F689B /* Person_UIUITests.swift in Sources */ = {isa = PBXBuildFile; fileRef = 1626AA1E1F070794008F689B /* Person_UIUITests.swift */; };
/* End PBXBuildFile section */

/* Begin PBXContainerItemProxy section */
		1626AA101F070794008F689B /* PBXContainerItemProxy */ = {
			isa = PBXContainerItemProxy;
			containerPortal = 1626A9F31F070794008F689B /* Project object */;
			proxyType = 1;
			remoteGlobalIDString = 1626A9FA1F070794008F689B;
			remoteInfo = "Person UI";
		};
		1626AA1B1F070794008F689B /* PBXContainerItemProxy */ = {
			isa = PBXContainerItemProxy;
			containerPortal = 1626A9F31F070794008F689B /* Project object */;
			proxyType = 1;
			remoteGlobalIDString = 1626A9FA1F070794008F689B;
			remoteInfo = "Person UI";
		};
/* End PBXContainerItemProxy section */

/* Begin PBXFileReference section */
		1626A9FB1F070794008F689B /* Person UI.app */ = {isa = PBXFileReference; explicitFileType = wrapper.application; includeInIndex = 0; path = "Person UI.app"; sourceTree = BUILT_PRODUCTS_DIR; };
		1626A9FE1F070794008F689B /* AppDelegate.swift */ = {isa = PBXFileReference; lastKnownFileType = sourcecode.swift; path = AppDelegate.swift; sourceTree = "<group>"; };
		1626AA001F070794008F689B /* ViewController.swift */ = {isa = PBXFileReference; lastKnownFileType = sourcecode.swift; path = ViewController.swift; sourceTree = "<group>"; };
		1626AA031F070794008F689B /* Base */ = {isa = PBXFileReference; lastKnownFileType = file.storyboard; name = Base; path = Base.lproj/Main.storyboard; sourceTree = "<group>"; };
		1626AA051F070794008F689B /* Assets.xcassets */ = {isa = PBXFileReference; lastKnownFileType = folder.assetcatalog; path = Assets.xcassets; sourceTree = "<group>"; };
		1626AA081F070794008F689B /* Base */ = {isa = PBXFileReference; lastKnownFileType = file.storyboard; name = Base; path = Base.lproj/LaunchScreen.storyboard; sourceTree = "<group>"; };
		1626AA0A1F070794008F689B /* Info.plist */ = {isa = PBXFileReference; lastKnownFileType = text.plist.xml; path = Info.plist; sourceTree = "<group>"; };
		1626AA0F1F070794008F689B /* Person UITests.xctest */ = {isa = PBXFileReference; explicitFileType = wrapper.cfbundle; includeInIndex = 0; path = "Person UITests.xctest"; sourceTree = BUILT_PRODUCTS_DIR; };
		1626AA131F070794008F689B /* Person_UITests.swift */ = {isa = PBXFileReference; lastKnownFileType = sourcecode.swift; path = Person_UITests.swift; sourceTree = "<group>"; };
		1626AA151F070794008F689B /* Info.plist */ = {isa = PBXFileReference; lastKnownFileType = text.plist.xml; path = Info.plist; sourceTree = "<group>"; };
		1626AA1A1F070794008F689B /* Person UIUITests.xctest */ = {isa = PBXFileReference; explicitFileType = wrapper.cfbundle; includeInIndex = 0; path = "Person UIUITests.xctest"; sourceTree = BUILT_PRODUCTS_DIR; };
		1626AA1E1F070794008F689B /* Person_UIUITests.swift */ = {isa = PBXFileReference; lastKnownFileType = sourcecode.swift; path = Person_UIUITests.swift; sourceTree = "<group>"; };
		1626AA201F070794008F689B /* Info.plist */ = {isa = PBXFileReference; lastKnownFileType = text.plist.xml; path = Info.plist; sourceTree = "<group>"; };
/* End PBXFileReference section */

/* Begin PBXFrameworksBuildPhase section */
		1626A9F81F070794008F689B /* Frameworks */ = {
			isa = PBXFrameworksBuildPhase;
			buildActionMask = 2147483647;
			files = (
			);
			runOnlyForDeploymentPostprocessing = 0;
		};
		1626AA0C1F070794008F689B /* Frameworks */ = {
			isa = PBXFrameworksBuildPhase;
			buildActionMask = 2147483647;
			files = (
			);
			runOnlyForDeploymentPostprocessing = 0;
		};
		1626AA171F070794008F689B /* Frameworks */ = {
			isa = PBXFrameworksBuildPhase;
			buildActionMask = 2147483647;
			files = (
			);
			runOnlyForDeploymentPostprocessing = 0;
		};
/* End PBXFrameworksBuildPhase section */

/* Begin PBXGroup section */
		1626A9F21F070794008F689B = {
			isa = PBXGroup;
			children = (
				1626A9FD1F070794008F689B /* Person UI */,
				1626AA121F070794008F689B /* Person UITests */,
				1626AA1D1F070794008F689B /* Person UIUITests */,
				1626A9FC1F070794008F689B /* Products */,
			);
			sourceTree = "<group>";
		};
		1626A9FC1F070794008F689B /* Products */ = {
			isa = PBXGroup;
			children = (
				1626A9FB1F070794008F689B /* Person UI.app */,
				1626AA0F1F070794008F689B /* Person UITests.xctest */,
				1626AA1A1F070794008F689B /* Person UIUITests.xctest */,
			);
			name = Products;
			sourceTree = "<group>";
		};
		1626A9FD1F070794008F689B /* Person UI */ = {
			isa = PBXGroup;
			children = (
				1626A9FE1F070794008F689B /* AppDelegate.swift */,
				1626AA001F070794008F689B /* ViewController.swift */,
				1626AA021F070794008F689B /* Main.storyboard */,
				1626AA051F070794008F689B /* Assets.xcassets */,
				1626AA071F070794008F689B /* LaunchScreen.storyboard */,
				1626AA0A1F070794008F689B /* Info.plist */,
			);
			path = "Person UI";
			sourceTree = "<group>";
		};
		1626AA121F070794008F689B /* Person UITests */ = {
			isa = PBXGroup;
			children = (
				1626AA131F070794008F689B /* Person_UITests.swift */,
				1626AA151F070794008F689B /* Info.plist */,
			);
			path = "Person UITests";
			sourceTree = "<group>";
		};
		1626AA1D1F070794008F689B /* Person UIUITests */ = {
			isa = PBXGroup;
			children = (
				1626AA1E1F070794008F689B /* Person_UIUITests.swift */,
				1626AA201F070794008F689B /* Info.plist */,
			);
			path = "Person UIUITests";
			sourceTree = "<group>";
		};
/* End PBXGroup section */

/* Begin PBXNativeTarget section */
		1626A9FA1F070794008F689B /* Person UI */ = {
			isa = PBXNativeTarget;
			buildConfigurationList = 1626AA231F070794008F689B /* Build configuration list for PBXNativeTarget "Person UI" */;
			buildPhases = (
				1626A9F71F070794008F689B /* Sources */,
				1626A9F81F070794008F689B /* Frameworks */,
				1626A9F91F070794008F689B /* Resources */,
			);
			buildRules = (
			);
			dependencies = (
			);
			name = "Person UI";
			productName = "Person UI";
			productReference = 1626A9FB1F070794008F689B /* Person UI.app */;
			productType = "com.apple.product-type.application";
		};
		1626AA0E1F070794008F689B /* Person UITests */ = {
			isa = PBXNativeTarget;
			buildConfigurationList = 1626AA261F070794008F689B /* Build configuration list for PBXNativeTarget "Person UITests" */;
			buildPhases = (
				1626AA0B1F070794008F689B /* Sources */,
				1626AA0C1F070794008F689B /* Frameworks */,
				1626AA0D1F070794008F689B /* Resources */,
			);
			buildRules = (
			);
			dependencies = (
				1626AA111F070794008F689B /* PBXTargetDependency */,
			);
			name = "Person UITests";
			productName = "Person UITests";
			productReference = 1626AA0F1F070794008F689B /* Person UITests.xctest */;
			productType = "com.apple.product-type.bundle.unit-test";
		};
		1626AA191F070794008F689B /* Person UIUITests */ = {
			isa = PBXNativeTarget;
			buildConfigurationList = 1626AA291F070794008F689B /* Build configuration list for PBXNativeTarget "Person UIUITests" */;
			buildPhases = (
				1626AA161F070794008F689B /* Sources */,
				1626AA171F070794008F689B /* Frameworks */,
				1626AA181F070794008F689B /* Resources */,
			);
			buildRules = (
			);
			dependencies = (
				1626AA1C1F070794008F689B /* PBXTargetDependency */,
			);
			name = "Person UIUITests";
			productName = "Person UIUITests";
			productReference = 1626AA1A1F070794008F689B /* Person UIUITests.xctest */;
			productType = "com.apple.product-type.bundle.ui-testing";
		};
/* End PBXNativeTarget section */

/* Begin PBXProject section */
		1626A9F31F070794008F689B /* Project object */ = {
			isa = PBXProject;
			attributes = {
				LastSwiftUpdateCheck = 0830;
				LastUpgradeCheck = 0830;
				ORGANIZATIONNAME = "Kourosh Mobl";
				TargetAttributes = {
					1626A9FA1F070794008F689B = {
						CreatedOnToolsVersion = 8.3.2;
						ProvisioningStyle = Automatic;
					};
					1626AA0E1F070794008F689B = {
						CreatedOnToolsVersion = 8.3.2;
						ProvisioningStyle = Automatic;
						TestTargetID = 1626A9FA1F070794008F689B;
					};
					1626AA191F070794008F689B = {
						CreatedOnToolsVersion = 8.3.2;
						ProvisioningStyle = Automatic;
						TestTargetID = 1626A9FA1F070794008F689B;
					};
				};
			};
			buildConfigurationList = 1626A9F61F070794008F689B /* Build configuration list for PBXProject "Person UI" */;
			compatibilityVersion = "Xcode 3.2";
			developmentRegion = English;
			hasScannedForEncodings = 0;
			knownRegions = (
				en,
				Base,
			);
			mainGroup = 1626A9F21F070794008F689B;
			productRefGroup = 1626A9FC1F070794008F689B /* Products */;
			projectDirPath = "";
			projectRoot = "";
			targets = (
				1626A9FA1F070794008F689B /* Person UI */,
				1626AA0E1F070794008F689B /* Person UITests */,
				1626AA191F070794008F689B /* Person UIUITests */,
			);
		};
/* End PBXProject section */

/* Begin PBXResourcesBuildPhase section */
		1626A9F91F070794008F689B /* Resources */ = {
			isa = PBXResourcesBuildPhase;
			buildActionMask = 2147483647;
			files = (
				1626AA091F070794008F689B /* LaunchScreen.storyboard in Resources */,
				1626AA061F070794008F689B /* Assets.xcassets in Resources */,
				1626AA041F070794008F689B /* Main.storyboard in Resources */,
			);
			runOnlyForDeploymentPostprocessing = 0;
		};
		1626AA0D1F070794008F689B /* Resources */ = {
			isa = PBXResourcesBuildPhase;
			buildActionMask = 2147483647;
			files = (
			);
			runOnlyForDeploymentPostprocessing = 0;
		};
		1626AA181F070794008F689B /* Resources */ = {
			isa = PBXResourcesBuildPhase;
			buildActionMask = 2147483647;
			files = (
			);
			runOnlyForDeploymentPostprocessing = 0;
		};
/* End PBXResourcesBuildPhase section */

/* Begin PBXSourcesBuildPhase section */
		1626A9F71F070794008F689B /* Sources */ = {
			isa = PBXSourcesBuildPhase;
			buildActionMask = 2147483647;
			files = (
				1626AA011F070794008F689B /* ViewController.swift in Sources */,
				1626A9FF1F070794008F689B /* AppDelegate.swift in Sources */,
			);
			runOnlyForDeploymentPostprocessing = 0;
		};
		1626AA0B1F070794008F689B /* Sources */ = {
			isa = PBXSourcesBuildPhase;
			buildActionMask = 2147483647;
			files = (
				1626AA141F070794008F689B /* Person_UITests.swift in Sources */,
			);
			runOnlyForDeploymentPostprocessing = 0;
		};
		1626AA161F070794008F689B /* Sources */ = {
			isa = PBXSourcesBuildPhase;
			buildActionMask = 2147483647;
			files = (
				1626AA1F1F070794008F689B /* Person_UIUITests.swift in Sources */,
			);
			runOnlyForDeploymentPostprocessing = 0;
		};
/* End PBXSourcesBuildPhase section */

/* Begin PBXTargetDependency section */
		1626AA111F070794008F689B /* PBXTargetDependency */ = {
			isa = PBXTargetDependency;
			target = 1626A9FA1F070794008F689B /* Person UI */;
			targetProxy = 1626AA101F070794008F689B /* PBXContainerItemProxy */;
		};
		1626AA1C1F070794008F689B /* PBXTargetDependency */ = {
			isa = PBXTargetDependency;
			target = 1626A9FA1F070794008F689B /* Person UI */;
			targetProxy = 1626AA1B1F070794008F689B /* PBXContainerItemProxy */;
		};
/* End PBXTargetDependency section */

/* Begin PBXVariantGroup section */
		1626AA021F070794008F689B /* Main.storyboard */ = {
			isa = PBXVariantGroup;
			children = (
				1626AA031F070794008F689B /* Base */,
			);
			name = Main.storyboard;
			sourceTree = "<group>";
		};
		1626AA071F070794008F689B /* LaunchScreen.storyboard */ = {
			isa = PBXVariantGroup;
			children = (
				1626AA081F070794008F689B /* Base */,
			);
			name = LaunchScreen.storyboard;
			sourceTree = "<group>";
		};
/* End PBXVariantGroup section */

/* Begin XCBuildConfiguration section */
		1626AA211F070794008F689B /* Debug */ = {
			isa = XCBuildConfiguration;
			buildSettings = {
				ALWAYS_SEARCH_USER_PATHS = NO;
				CLANG_ANALYZER_NONNULL = YES;
				CLANG_ANALYZER_NUMBER_OBJECT_CONVERSION = YES_AGGRESSIVE;
				CLANG_CXX_LANGUAGE_STANDARD = "gnu++0x";
				CLANG_CXX_LIBRARY = "libc++";
				CLANG_ENABLE_MODULES = YES;
				CLANG_ENABLE_OBJC_ARC = YES;
				CLANG_WARN_BOOL_CONVERSION = YES;
				CLANG_WARN_CONSTANT_CONVERSION = YES;
				CLANG_WARN_DIRECT_OBJC_ISA_USAGE = YES_ERROR;
				CLANG_WARN_DOCUMENTATION_COMMENTS = YES;
				CLANG_WARN_EMPTY_BODY = YES;
				CLANG_WARN_ENUM_CONVERSION = YES;
				CLANG_WARN_INFINITE_RECURSION = YES;
				CLANG_WARN_INT_CONVERSION = YES;
				CLANG_WARN_OBJC_ROOT_CLASS = YES_ERROR;
				CLANG_WARN_SUSPICIOUS_MOVE = YES;
				CLANG_WARN_UNREACHABLE_CODE = YES;
				CLANG_WARN__DUPLICATE_METHOD_MATCH = YES;
				"CODE_SIGN_IDENTITY[sdk=iphoneos*]" = "iPhone Developer";
				COPY_PHASE_STRIP = NO;
				DEBUG_INFORMATION_FORMAT = dwarf;
				ENABLE_STRICT_OBJC_MSGSEND = YES;
				ENABLE_TESTABILITY = YES;
				GCC_C_LANGUAGE_STANDARD = gnu99;
				GCC_DYNAMIC_NO_PIC = NO;
				GCC_NO_COMMON_BLOCKS = YES;
				GCC_OPTIMIZATION_LEVEL = 0;
				GCC_PREPROCESSOR_DEFINITIONS = (
					"DEBUG=1",
					"$(inherited)",
				);
				GCC_WARN_64_TO_32_BIT_CONVERSION = YES;
				GCC_WARN_ABOUT_RETURN_TYPE = YES_ERROR;
				GCC_WARN_UNDECLARED_SELECTOR = YES;
				GCC_WARN_UNINITIALIZED_AUTOS = YES_AGGRESSIVE;
				GCC_WARN_UNUSED_FUNCTION = YES;
				GCC_WARN_UNUSED_VARIABLE = YES;
				IPHONEOS_DEPLOYMENT_TARGET = 10.3;
				MTL_ENABLE_DEBUG_INFO = YES;
				ONLY_ACTIVE_ARCH = YES;
				SDKROOT = iphoneos;
				SWIFT_ACTIVE_COMPILATION_CONDITIONS = DEBUG;
				SWIFT_OPTIMIZATION_LEVEL = "-Onone";
				TARGETED_DEVICE_FAMILY = "1,2";
			};
			name = Debug;
		};
		1626AA221F070794008F689B /* Release */ = {
			isa = XCBuildConfiguration;
			buildSettings = {
				ALWAYS_SEARCH_USER_PATHS = NO;
				CLANG_ANALYZER_NONNULL = YES;
				CLANG_ANALYZER_NUMBER_OBJECT_CONVERSION = YES_AGGRESSIVE;
				CLANG_CXX_LANGUAGE_STANDARD = "gnu++0x";
				CLANG_CXX_LIBRARY = "libc++";
				CLANG_ENABLE_MODULES = YES;
				CLANG_ENABLE_OBJC_ARC = YES;
				CLANG_WARN_BOOL_CONVERSION = YES;
				CLANG_WARN_CONSTANT_CONVERSION = YES;
				CLANG_WARN_DIRECT_OBJC_ISA_USAGE = YES_ERROR;
				CLANG_WARN_DOCUMENTATION_COMMENTS = YES;
				CLANG_WARN_EMPTY_BODY = YES;
				CLANG_WARN_ENUM_CONVERSION = YES;
				CLANG_WARN_INFINITE_RECURSION = YES;
				CLANG_WARN_INT_CONVERSION = YES;
				CLANG_WARN_OBJC_ROOT_CLASS = YES_ERROR;
				CLANG_WARN_SUSPICIOUS_MOVE = YES;
				CLANG_WARN_UNREACHABLE_CODE = YES;
				CLANG_WARN__DUPLICATE_METHOD_MATCH = YES;
				"CODE_SIGN_IDENTITY[sdk=iphoneos*]" = "iPhone Developer";
				COPY_PHASE_STRIP = NO;
				DEBUG_INFORMATION_FORMAT = "dwarf-with-dsym";
				ENABLE_NS_ASSERTIONS = NO;
				ENABLE_STRICT_OBJC_MSGSEND = YES;
				GCC_C_LANGUAGE_STANDARD = gnu99;
				GCC_NO_COMMON_BLOCKS = YES;
				GCC_WARN_64_TO_32_BIT_CONVERSION = YES;
				GCC_WARN_ABOUT_RETURN_TYPE = YES_ERROR;
				GCC_WARN_UNDECLARED_SELECTOR = YES;
				GCC_WARN_UNINITIALIZED_AUTOS = YES_AGGRESSIVE;
				GCC_WARN_UNUSED_FUNCTION = YES;
				GCC_WARN_UNUSED_VARIABLE = YES;
				IPHONEOS_DEPLOYMENT_TARGET = 10.3;
				MTL_ENABLE_DEBUG_INFO = NO;
				SDKROOT = iphoneos;
				SWIFT_OPTIMIZATION_LEVEL = "-Owholemodule";
				TARGETED_DEVICE_FAMILY = "1,2";
				VALIDATE_PRODUCT = YES;
			};
			name = Release;
		};
		1626AA241F070794008F689B /* Debug */ = {
			isa = XCBuildConfiguration;
			buildSettings = {
				ASSETCATALOG_COMPILER_APPICON_NAME = AppIcon;
				INFOPLIST_FILE = "Person UI/Info.plist";
				LD_RUNPATH_SEARCH_PATHS = "$(inherited) @executable_path/Frameworks";
				PRODUCT_BUNDLE_IDENTIFIER = "kourosh.mobl.Person-UI";
				PRODUCT_NAME = "$(TARGET_NAME)";
				SWIFT_VERSION = 3.0;
			};
			name = Debug;
		};
		1626AA251F070794008F689B /* Release */ = {
			isa = XCBuildConfiguration;
			buildSettings = {
				ASSETCATALOG_COMPILER_APPICON_NAME = AppIcon;
				INFOPLIST_FILE = "Person UI/Info.plist";
				LD_RUNPATH_SEARCH_PATHS = "$(inherited) @executable_path/Frameworks";
				PRODUCT_BUNDLE_IDENTIFIER = "kourosh.mobl.Person-UI";
				PRODUCT_NAME = "$(TARGET_NAME)";
				SWIFT_VERSION = 3.0;
			};
			name = Release;
		};
		1626AA271F070794008F689B /* Debug */ = {
			isa = XCBuildConfiguration;
			buildSettings = {
				ALWAYS_EMBED_SWIFT_STANDARD_LIBRARIES = YES;
				BUNDLE_LOADER = "$(TEST_HOST)";
				INFOPLIST_FILE = "Person UITests/Info.plist";
				LD_RUNPATH_SEARCH_PATHS = "$(inherited) @executable_path/Frameworks @loader_path/Frameworks";
				PRODUCT_BUNDLE_IDENTIFIER = "kourosh.mobl.Person-UITests";
				PRODUCT_NAME = "$(TARGET_NAME)";
				SWIFT_VERSION = 3.0;
				TEST_HOST = "$(BUILT_PRODUCTS_DIR)/Person UI.app/Person UI";
			};
			name = Debug;
		};
		1626AA281F070794008F689B /* Release */ = {
			isa = XCBuildConfiguration;
			buildSettings = {
				ALWAYS_EMBED_SWIFT_STANDARD_LIBRARIES = YES;
				BUNDLE_LOADER = "$(TEST_HOST)";
				INFOPLIST_FILE = "Person UITests/Info.plist";
				LD_RUNPATH_SEARCH_PATHS = "$(inherited) @executable_path/Frameworks @loader_path/Frameworks";
				PRODUCT_BUNDLE_IDENTIFIER = "kourosh.mobl.Person-UITests";
				PRODUCT_NAME = "$(TARGET_NAME)";
				SWIFT_VERSION = 3.0;
				TEST_HOST = "$(BUILT_PRODUCTS_DIR)/Person UI.app/Person UI";
			};
			name = Release;
		};
		1626AA2A1F070794008F689B /* Debug */ = {
			isa = XCBuildConfiguration;
			buildSettings = {
				ALWAYS_EMBED_SWIFT_STANDARD_LIBRARIES = YES;
				INFOPLIST_FILE = "Person UIUITests/Info.plist";
				LD_RUNPATH_SEARCH_PATHS = "$(inherited) @executable_path/Frameworks @loader_path/Frameworks";
				PRODUCT_BUNDLE_IDENTIFIER = "kourosh.mobl.Person-UIUITests";
				PRODUCT_NAME = "$(TARGET_NAME)";
				SWIFT_VERSION = 3.0;
				TEST_TARGET_NAME = "Person UI";
			};
			name = Debug;
		};
		1626AA2B1F070794008F689B /* Release */ = {
			isa = XCBuildConfiguration;
			buildSettings = {
				ALWAYS_EMBED_SWIFT_STANDARD_LIBRARIES = YES;
				INFOPLIST_FILE = "Person UIUITests/Info.plist";
				LD_RUNPATH_SEARCH_PATHS = "$(inherited) @executable_path/Frameworks @loader_path/Frameworks";
				PRODUCT_BUNDLE_IDENTIFIER = "kourosh.mobl.Person-UIUITests";
				PRODUCT_NAME = "$(TARGET_NAME)";
				SWIFT_VERSION = 3.0;
				TEST_TARGET_NAME = "Person UI";
			};
			name = Release;
		};
/* End XCBuildConfiguration section */

/* Begin XCConfigurationList section */
		1626A9F61F070794008F689B /* Build configuration list for PBXProject "Person UI" */ = {
			isa = XCConfigurationList;
			buildConfigurations = (
				1626AA211F070794008F689B /* Debug */,
				1626AA221F070794008F689B /* Release */,
			);
			defaultConfigurationIsVisible = 0;
			defaultConfigurationName = Release;
		};
		1626AA231F070794008F689B /* Build configuration list for PBXNativeTarget "Person UI" */ = {
			isa = XCConfigurationList;
			buildConfigurations = (
				1626AA241F070794008F689B /* Debug */,
				1626AA251F070794008F689B /* Release */,
			);
			defaultConfigurationIsVisible = 0;
			defaultConfigurationName = Release;
		};
		1626AA261F070794008F689B /* Build configuration list for PBXNativeTarget "Person UITests" */ = {
			isa = XCConfigurationList;
			buildConfigurations = (
				1626AA271F070794008F689B /* Debug */,
				1626AA281F070794008F689B /* Release */,
			);
			defaultConfigurationIsVisible = 0;
			defaultConfigurationName = Release;
		};
		1626AA291F070794008F689B /* Build configuration list for PBXNativeTarget "Person UIUITests" */ = {
			isa = XCConfigurationList;
			buildConfigurations = (
				1626AA2A1F070794008F689B /* Debug */,
				1626AA2B1F070794008F689B /* Release */,
			);
			defaultConfigurationIsVisible = 0;
			defaultConfigurationName = Release;
		};
/* End XCConfigurationList section */
	};
	rootObject = 1626A9F31F070794008F689B /* Project object */;
}
